
Microsoft Visual Studio Solution File, Format Version 12.00
# Visual Studio 2012
Project("{8BC9CEB8-8B4A-11D0-8D11-00A0C91BC942}") = "converter", "converter.vcxproj", "{13ED6833-F35B-4BCB-9D3E-5BC7D2F9E134}"
EndProject
Global
	GlobalSection(SolutionConfigurationPlatforms) = preSolution
		Debug|Win32 = Debug|Win32
		Release|Win32 = Release|Win32
	EndGlobalSection
	GlobalSection(ProjectConfigurationPlatforms) = postSolution
		{13ED6833-F35B-4BCB-9D3E-5BC7D2F9E134}.Debug|Win32.ActiveCfg = Debug|Win32
		{13ED6833-F35B-4BCB-9D3E-5BC7D2F9E134}.Debug|Win32.Build.0 = Debug|Win32
		{13ED6833-F35B-4BCB-9D3E-5BC7D2F9E134}.Release|Win32.ActiveCfg = Release|Win32
		{13ED6833-F35B-4BCB-9D3E-5BC7D2F9E134}.Release|Win32.Build.0 = Release|Win32
	EndGlobalSection
	GlobalSection(SolutionProperties) = preSolution
		HideSolutionNode = FALSE
	EndGlobalSection
EndGlobal
